
Microsoft Visual Studio Solution File, Format Version 12.00
# Visual Studio Version 17
VisualStudioVersion = 17.3.32825.248
MinimumVisualStudioVersion = 10.0.40219.1
Project("{9A19103F-16F7-4668-BE54-9A1E7A4F7556}") = "AppVenta.Aplicaciones", "AppVenta.Aplicaciones.csproj", "{F4049AB6-F00F-48C7-9A7E-F789AC145EF2}"
EndProject
Global
	GlobalSection(SolutionConfigurationPlatforms) = preSolution
		Debug|Any CPU = Debug|Any CPU
		Release|Any CPU = Release|Any CPU
	EndGlobalSection
	GlobalSection(ProjectConfigurationPlatforms) = postSolution
		{F4049AB6-F00F-48C7-9A7E-F789AC145EF2}.Debug|Any CPU.ActiveCfg = Debug|Any CPU
		{F4049AB6-F00F-48C7-9A7E-F789AC145EF2}.Debug|Any CPU.Build.0 = Debug|Any CPU
		{F4049AB6-F00F-48C7-9A7E-F789AC145EF2}.Release|Any CPU.ActiveCfg = Release|Any CPU
		{F4049AB6-F00F-48C7-9A7E-F789AC145EF2}.Release|Any CPU.Build.0 = Release|Any CPU
	EndGlobalSection
	GlobalSection(SolutionProperties) = preSolution
		HideSolutionNode = FALSE
	EndGlobalSection
	GlobalSection(ExtensibilityGlobals) = postSolution
		SolutionGuid = {93D9FF5F-4A2A-43A4-8CBF-AADD4CB7F926}
	EndGlobalSection
EndGlobal
